
Microsoft Visual Studio Solution File, Format Version 12.00
# Visual Studio Version 16
VisualStudioVersion = 16.0.29509.3
MinimumVisualStudioVersion = 10.0.40219.1
Project("{9A19103F-16F7-4668-BE54-9A1E7A4F7556}") = "Entities", "Entities\Entities.csproj", "{35A1A65F-782E-49EC-B4BD-F2C3B77EEE5A}"
EndProject
Project("{9A19103F-16F7-4668-BE54-9A1E7A4F7556}") = "Database", "Database\Database.csproj", "{F8877DA4-6DFB-4E6C-852F-133A6408AA9D}"
EndProject
Project("{9A19103F-16F7-4668-BE54-9A1E7A4F7556}") = "SharingCodeGatherer", "SharingCodeGatherer\SharingCodeGatherer.csproj", "{15D21135-2D7B-4B48-86D5-4D8BF163452D}"
EndProject
Project("{9A19103F-16F7-4668-BE54-9A1E7A4F7556}") = "SharingCodeGathererTests", "SharingCodeGathererTests\SharingCodeGathererTests.csproj", "{2F4A80DF-1E6A-4C78-A698-E7179C9DD149}"
EndProject
Project("{9A19103F-16F7-4668-BE54-9A1E7A4F7556}") = "RabbitCommunicationLib", "RabbitCommunicationLib\RabbitCommunicationLib.csproj", "{6036427D-B9AA-4D9F-A261-70E7AAA7BE48}"
EndProject
Global
	GlobalSection(SolutionConfigurationPlatforms) = preSolution
		Debug|Any CPU = Debug|Any CPU
		Release|Any CPU = Release|Any CPU
	EndGlobalSection
	GlobalSection(ProjectConfigurationPlatforms) = postSolution
		{35A1A65F-782E-49EC-B4BD-F2C3B77EEE5A}.Debug|Any CPU.ActiveCfg = Debug|Any CPU
		{35A1A65F-782E-49EC-B4BD-F2C3B77EEE5A}.Debug|Any CPU.Build.0 = Debug|Any CPU
		{35A1A65F-782E-49EC-B4BD-F2C3B77EEE5A}.Release|Any CPU.ActiveCfg = Release|Any CPU
		{35A1A65F-782E-49EC-B4BD-F2C3B77EEE5A}.Release|Any CPU.Build.0 = Release|Any CPU
		{F8877DA4-6DFB-4E6C-852F-133A6408AA9D}.Debug|Any CPU.ActiveCfg = Debug|Any CPU
		{F8877DA4-6DFB-4E6C-852F-133A6408AA9D}.Debug|Any CPU.Build.0 = Debug|Any CPU
		{F8877DA4-6DFB-4E6C-852F-133A6408AA9D}.Release|Any CPU.ActiveCfg = Release|Any CPU
		{F8877DA4-6DFB-4E6C-852F-133A6408AA9D}.Release|Any CPU.Build.0 = Release|Any CPU
		{15D21135-2D7B-4B48-86D5-4D8BF163452D}.Debug|Any CPU.ActiveCfg = Debug|Any CPU
		{15D21135-2D7B-4B48-86D5-4D8BF163452D}.Debug|Any CPU.Build.0 = Debug|Any CPU
		{15D21135-2D7B-4B48-86D5-4D8BF163452D}.Release|Any CPU.ActiveCfg = Release|Any CPU
		{15D21135-2D7B-4B48-86D5-4D8BF163452D}.Release|Any CPU.Build.0 = Release|Any CPU
		{2F4A80DF-1E6A-4C78-A698-E7179C9DD149}.Debug|Any CPU.ActiveCfg = Debug|Any CPU
		{2F4A80DF-1E6A-4C78-A698-E7179C9DD149}.Debug|Any CPU.Build.0 = Debug|Any CPU
		{2F4A80DF-1E6A-4C78-A698-E7179C9DD149}.Release|Any CPU.ActiveCfg = Release|Any CPU
		{2F4A80DF-1E6A-4C78-A698-E7179C9DD149}.Release|Any CPU.Build.0 = Release|Any CPU
		{6036427D-B9AA-4D9F-A261-70E7AAA7BE48}.Debug|Any CPU.ActiveCfg = Debug|Any CPU
		{6036427D-B9AA-4D9F-A261-70E7AAA7BE48}.Debug|Any CPU.Build.0 = Debug|Any CPU
		{6036427D-B9AA-4D9F-A261-70E7AAA7BE48}.Release|Any CPU.ActiveCfg = Release|Any CPU
		{6036427D-B9AA-4D9F-A261-70E7AAA7BE48}.Release|Any CPU.Build.0 = Release|Any CPU
	EndGlobalSection
	GlobalSection(SolutionProperties) = preSolution
		HideSolutionNode = FALSE
	EndGlobalSection
	GlobalSection(ExtensibilityGlobals) = postSolution
		SolutionGuid = {8A6AA975-43C2-4B44-960D-70AA6919F032}
	EndGlobalSection
EndGlobal
